
Microsoft Visual Studio Solution File, Format Version 12.00
# Visual Studio Version 17
VisualStudioVersion = 17.9.34723.18
MinimumVisualStudioVersion = 10.0.40219.1
Project("{8BC9CEB8-8B4A-11D0-8D11-00A0C91BC942}") = "FeatureExtraction", "FeatureExtraction\FeatureExtraction.vcxproj", "{E2617131-B047-4405-A10C-705F61406972}"
EndProject
Project("{8BC9CEB8-8B4A-11D0-8D11-00A0C91BC942}") = "PCLVisualization", "PCLVisualization\PCLVisualization.vcxproj", "{B7086908-2A7F-45EB-A977-0F782AA5967E}"
EndProject
Project("{2150E333-8FDC-42A3-9474-1A3956D46DE8}") = "Unit_Tests", "Unit_Tests", "{52C3DC87-69E4-4596-8B7A-5C3BF3D1CAB3}"
EndProject
Project("{8BC9CEB8-8B4A-11D0-8D11-00A0C91BC942}") = "Unit_Test_001(com_relative_elevation)", "UnitTests\Unit_Test_001\Unit_Test_001.vcxproj", "{B2F9447F-12C7-404D-9192-DB2C9234DEAD}"
EndProject
Project("{8BC9CEB8-8B4A-11D0-8D11-00A0C91BC942}") = "FeatureExtraction_Lib", "FeatureExtraction_Lib\FeatureExtraction_Lib.vcxproj", "{C9F841DB-E82A-4D54-85BD-314CA6339325}"
EndProject
Project("{8BC9CEB8-8B4A-11D0-8D11-00A0C91BC942}") = "Unit_Test_000(post_processing)", "UnitTests\Unit_Test_000\Unit_Test_000.vcxproj", "{4BA0450A-4593-4D73-BB69-F4AAA8EC4987}"
EndProject
Project("{8BC9CEB8-8B4A-11D0-8D11-00A0C91BC942}") = "Unit_Test_002(exp_inherit_initial_segmentation)", "UnitTests\Unit_Test_002\Unit_Test_002.vcxproj", "{6D9268AD-8104-47D4-855C-B4C07CE20BD5}"
EndProject
Project("{8BC9CEB8-8B4A-11D0-8D11-00A0C91BC942}") = "OnlineLearning", "OnlineLearning\OnlineLearning.vcxproj", "{DD65468D-33B1-44E1-88EA-162C04409A4B}"
EndProject
Project("{8BC9CEB8-8B4A-11D0-8D11-00A0C91BC942}") = "PointCloudFormatTool", "PointCloudFormatTool\PointCloudFormatTool.vcxproj", "{45DC2ADA-44AA-4797-862D-E67BA2CDAE16}"
EndProject
Project("{8BC9CEB8-8B4A-11D0-8D11-00A0C91BC942}") = "OnlineLearning_Lib", "OnlineLearning_Lib\OnlineLearning_Lib.vcxproj", "{D2E08562-8FD6-44AD-B6E0-9F9649274ED1}"
EndProject
Project("{8BC9CEB8-8B4A-11D0-8D11-00A0C91BC942}") = "Unit_Test_003(exp_small_scale_scene)", "UnitTests\Unit_Test_003(exp_small_scale_scene)\Unit_Test_003(exp_small_scale_scene).vcxproj", "{AC229660-98FD-44D6-A532-C330ECCAF149}"
EndProject
Project("{8BC9CEB8-8B4A-11D0-8D11-00A0C91BC942}") = "Unit_Test_004(exp_confirm_alg_upper_bound)", "UnitTests\Unit_Test_004\Unit_Test_004.vcxproj", "{59AC91C7-9583-4BC2-B942-189F501C5CB2}"
EndProject
Project("{8BC9CEB8-8B4A-11D0-8D11-00A0C91BC942}") = "Unit_Test_005(project_elevation)", "UnitTests\Unit_Test_005\Unit_Test_005.vcxproj", "{11C92D66-A177-4E71-9608-2E85817A8857}"
EndProject
Project("{8BC9CEB8-8B4A-11D0-8D11-00A0C91BC942}") = "Unit_Test_006(elevation_difference)", "UnitTests\Unit_Test_006\Unit_Test_006.vcxproj", "{940FBCBD-6335-46B6-8FBF-E7CE89D1C7CA}"
EndProject
Project("{2150E333-8FDC-42A3-9474-1A3956D46DE8}") = "Integration_Tests", "Integration_Tests", "{07F58AC4-9003-4900-BBF9-99B4E533700B}"
EndProject
Project("{8BC9CEB8-8B4A-11D0-8D11-00A0C91BC942}") = "Integration_Test_001(extract_features)", "IntegrationTests\Integration_Test_001\Integration_Test_001.vcxproj", "{264EEDCF-0BD5-47FD-B4C7-470733DCA006}"
EndProject
Project("{8BC9CEB8-8B4A-11D0-8D11-00A0C91BC942}") = "Unit_Test_007(compute_result_acc)", "Unit_Test_007(compute_result_acc)\Unit_Test_007(compute_result_acc).vcxproj", "{20E60D63-D39C-40FC-8A26-9960019C326A}"
EndProject
Project("{8BC9CEB8-8B4A-11D0-8D11-00A0C91BC942}") = "Integration_Test_002", "IntegrationTests\Integration_Test_002\Integration_Test_002.vcxproj", "{F261EE5E-59D8-4E37-9AF9-870B6D7838A1}"
EndProject
Project("{8BC9CEB8-8B4A-11D0-8D11-00A0C91BC942}") = "Integration_Test_003(hpj_exp_for_scene1_randlanet)", "IntegrationTests\Integration_Test_003\Integration_Test_003.vcxproj", "{E87D1033-978C-458F-B4EE-A453E8C977F4}"
EndProject
Project("{8BC9CEB8-8B4A-11D0-8D11-00A0C91BC942}") = "Integration_Test_004(hpj_exp_for_scene1_sqn_0.01)", "IntegrationTests\Integration_Test_004\Integration_Test_004.vcxproj", "{CE0171DD-EE04-46E5-A184-B3B3D52FF0D7}"
EndProject
Project("{8BC9CEB8-8B4A-11D0-8D11-00A0C91BC942}") = "Integration_Test_005(hpj_exp_for_scene1_sqn_0.1)", "IntegrationTests\Integration_Test_005\Integration_Test_005.vcxproj", "{B8D1288B-1B2C-42E8-B4DC-8C4A6347E458}"
EndProject
Project("{8BC9CEB8-8B4A-11D0-8D11-00A0C91BC942}") = "Integration_Test_006(hpj_exp_for_fit_initial_segmentation_result)", "IntegrationTests\Integration_Test_006\Integration_Test_006.vcxproj", "{506BCE00-290D-41EA-AD3D-6DD2A9C2351F}"
EndProject
Project("{8BC9CEB8-8B4A-11D0-8D11-00A0C91BC942}") = "Integration_Test_007(hpj_exp_for_scene2_randlanet)", "IntegrationTests\Integration_Test_007\Integration_Test_007.vcxproj", "{F8246337-3646-4719-8710-FF47374955D8}"
EndProject
Project("{8BC9CEB8-8B4A-11D0-8D11-00A0C91BC942}") = "Integration_Test_008(hpj_exp_for_scene2_sqn_0.01)", "IntegrationTests\Intergration_Test_008\Intergration_Test_008.vcxproj", "{4D7987F6-FDC2-4633-969A-6F6CBF772029}"
EndProject
Project("{8BC9CEB8-8B4A-11D0-8D11-00A0C91BC942}") = "Integration_Test_009(hpj_exp_for_scene2_sqn_0.1)", "IntegrationTests\Intregration_Test_009\Intregration_Test_009.vcxproj", "{C9DCBB60-0D34-42CF-80B2-A8A2209DC71A}"
EndProject
Project("{8BC9CEB8-8B4A-11D0-8D11-00A0C91BC942}") = "Integration_Test_010(hpj_exp_for_scene3_randlanet)", "IntegrationTests\Intregration_Test_010\Intregration_Test_010.vcxproj", "{4AEC9758-9293-4CFE-9895-F7E49C95F0B1}"
EndProject
Project("{8BC9CEB8-8B4A-11D0-8D11-00A0C91BC942}") = "Integration_Test_011(run_omcboost)", "IntegrationTests\Intregration_Test_011\Intregration_Test_011.vcxproj", "{BA66D138-5565-4B81-B7BA-153A891E644C}"
EndProject
Project("{8BC9CEB8-8B4A-11D0-8D11-00A0C91BC942}") = "Integration_Test_012(post_processing)", "IntegrationTests\Intregration_Test_012\Intregration_Test_012.vcxproj", "{4A55BF2D-72B4-4FA4-ABA7-4831BCF98F1A}"
EndProject
Project("{8BC9CEB8-8B4A-11D0-8D11-00A0C91BC942}") = "Unit_Test_008(test_feature_SizeOfElevationDifferenceCluster)", "UnitTests\Unit_Test_008\Unit_Test_008.vcxproj", "{33B456F0-84CA-4057-8821-2EFA56BCFC65}"
EndProject
Project("{8BC9CEB8-8B4A-11D0-8D11-00A0C91BC942}") = "Integration_Test_013(hpj_exp_binary_random_forest)", "IntegrationTests\Integration_Test_013\Integration_Test_013.vcxproj", "{C2F6E11D-29BE-49A2-88A5-670A93E71E93}"
EndProject
Project("{8BC9CEB8-8B4A-11D0-8D11-00A0C91BC942}") = "Sample-Test1", "Sample-Test1\Sample-Test1.vcxproj", "{AB53E214-AC17-4DE4-A01E-6F4F08E58B3E}"
EndProject
Global
	GlobalSection(SolutionConfigurationPlatforms) = preSolution
		Debug|x64 = Debug|x64
		Debug|x86 = Debug|x86
		Release|x64 = Release|x64
		Release|x86 = Release|x86
	EndGlobalSection
	GlobalSection(ProjectConfigurationPlatforms) = postSolution
		{E2617131-B047-4405-A10C-705F61406972}.Debug|x64.ActiveCfg = Debug|x64
		{E2617131-B047-4405-A10C-705F61406972}.Debug|x64.Build.0 = Debug|x64
		{E2617131-B047-4405-A10C-705F61406972}.Debug|x86.ActiveCfg = Debug|Win32
		{E2617131-B047-4405-A10C-705F61406972}.Debug|x86.Build.0 = Debug|Win32
		{E2617131-B047-4405-A10C-705F61406972}.Release|x64.ActiveCfg = Release|x64
		{E2617131-B047-4405-A10C-705F61406972}.Release|x64.Build.0 = Release|x64
		{E2617131-B047-4405-A10C-705F61406972}.Release|x86.ActiveCfg = Release|Win32
		{E2617131-B047-4405-A10C-705F61406972}.Release|x86.Build.0 = Release|Win32
		{B7086908-2A7F-45EB-A977-0F782AA5967E}.Debug|x64.ActiveCfg = Debug|x64
		{B7086908-2A7F-45EB-A977-0F782AA5967E}.Debug|x64.Build.0 = Debug|x64
		{B7086908-2A7F-45EB-A977-0F782AA5967E}.Debug|x86.ActiveCfg = Debug|Win32
		{B7086908-2A7F-45EB-A977-0F782AA5967E}.Debug|x86.Build.0 = Debug|Win32
		{B7086908-2A7F-45EB-A977-0F782AA5967E}.Release|x64.ActiveCfg = Release|x64
		{B7086908-2A7F-45EB-A977-0F782AA5967E}.Release|x64.Build.0 = Release|x64
		{B7086908-2A7F-45EB-A977-0F782AA5967E}.Release|x86.ActiveCfg = Release|Win32
		{B7086908-2A7F-45EB-A977-0F782AA5967E}.Release|x86.Build.0 = Release|Win32
		{B2F9447F-12C7-404D-9192-DB2C9234DEAD}.Debug|x64.ActiveCfg = Debug|x64
		{B2F9447F-12C7-404D-9192-DB2C9234DEAD}.Debug|x64.Build.0 = Debug|x64
		{B2F9447F-12C7-404D-9192-DB2C9234DEAD}.Debug|x86.ActiveCfg = Debug|Win32
		{B2F9447F-12C7-404D-9192-DB2C9234DEAD}.Debug|x86.Build.0 = Debug|Win32
		{B2F9447F-12C7-404D-9192-DB2C9234DEAD}.Release|x64.ActiveCfg = Release|x64
		{B2F9447F-12C7-404D-9192-DB2C9234DEAD}.Release|x64.Build.0 = Release|x64
		{B2F9447F-12C7-404D-9192-DB2C9234DEAD}.Release|x86.ActiveCfg = Release|Win32
		{B2F9447F-12C7-404D-9192-DB2C9234DEAD}.Release|x86.Build.0 = Release|Win32
		{C9F841DB-E82A-4D54-85BD-314CA6339325}.Debug|x64.ActiveCfg = Debug|x64
		{C9F841DB-E82A-4D54-85BD-314CA6339325}.Debug|x64.Build.0 = Debug|x64
		{C9F841DB-E82A-4D54-85BD-314CA6339325}.Debug|x86.ActiveCfg = Debug|Win32
		{C9F841DB-E82A-4D54-85BD-314CA6339325}.Debug|x86.Build.0 = Debug|Win32
		{C9F841DB-E82A-4D54-85BD-314CA6339325}.Release|x64.ActiveCfg = Release|x64
		{C9F841DB-E82A-4D54-85BD-314CA6339325}.Release|x64.Build.0 = Release|x64
		{C9F841DB-E82A-4D54-85BD-314CA6339325}.Release|x86.ActiveCfg = Release|Win32
		{C9F841DB-E82A-4D54-85BD-314CA6339325}.Release|x86.Build.0 = Release|Win32
		{4BA0450A-4593-4D73-BB69-F4AAA8EC4987}.Debug|x64.ActiveCfg = Debug|x64
		{4BA0450A-4593-4D73-BB69-F4AAA8EC4987}.Debug|x64.Build.0 = Debug|x64
		{4BA0450A-4593-4D73-BB69-F4AAA8EC4987}.Debug|x86.ActiveCfg = Debug|Win32
		{4BA0450A-4593-4D73-BB69-F4AAA8EC4987}.Debug|x86.Build.0 = Debug|Win32
		{4BA0450A-4593-4D73-BB69-F4AAA8EC4987}.Release|x64.ActiveCfg = Release|x64
		{4BA0450A-4593-4D73-BB69-F4AAA8EC4987}.Release|x64.Build.0 = Release|x64
		{4BA0450A-4593-4D73-BB69-F4AAA8EC4987}.Release|x86.ActiveCfg = Release|Win32
		{4BA0450A-4593-4D73-BB69-F4AAA8EC4987}.Release|x86.Build.0 = Release|Win32
		{6D9268AD-8104-47D4-855C-B4C07CE20BD5}.Debug|x64.ActiveCfg = Debug|x64
		{6D9268AD-8104-47D4-855C-B4C07CE20BD5}.Debug|x64.Build.0 = Debug|x64
		{6D9268AD-8104-47D4-855C-B4C07CE20BD5}.Debug|x86.ActiveCfg = Debug|Win32
		{6D9268AD-8104-47D4-855C-B4C07CE20BD5}.Debug|x86.Build.0 = Debug|Win32
		{6D9268AD-8104-47D4-855C-B4C07CE20BD5}.Release|x64.ActiveCfg = Release|x64
		{6D9268AD-8104-47D4-855C-B4C07CE20BD5}.Release|x64.Build.0 = Release|x64
		{6D9268AD-8104-47D4-855C-B4C07CE20BD5}.Release|x86.ActiveCfg = Release|Win32
		{6D9268AD-8104-47D4-855C-B4C07CE20BD5}.Release|x86.Build.0 = Release|Win32
		{DD65468D-33B1-44E1-88EA-162C04409A4B}.Debug|x64.ActiveCfg = Debug|x64
		{DD65468D-33B1-44E1-88EA-162C04409A4B}.Debug|x64.Build.0 = Debug|x64
		{DD65468D-33B1-44E1-88EA-162C04409A4B}.Debug|x86.ActiveCfg = Debug|Win32
		{DD65468D-33B1-44E1-88EA-162C04409A4B}.Debug|x86.Build.0 = Debug|Win32
		{DD65468D-33B1-44E1-88EA-162C04409A4B}.Release|x64.ActiveCfg = Release|x64
		{DD65468D-33B1-44E1-88EA-162C04409A4B}.Release|x64.Build.0 = Release|x64
		{DD65468D-33B1-44E1-88EA-162C04409A4B}.Release|x86.ActiveCfg = Release|Win32
		{DD65468D-33B1-44E1-88EA-162C04409A4B}.Release|x86.Build.0 = Release|Win32
		{45DC2ADA-44AA-4797-862D-E67BA2CDAE16}.Debug|x64.ActiveCfg = Debug|x64
		{45DC2ADA-44AA-4797-862D-E67BA2CDAE16}.Debug|x64.Build.0 = Debug|x64
		{45DC2ADA-44AA-4797-862D-E67BA2CDAE16}.Debug|x86.ActiveCfg = Debug|Win32
		{45DC2ADA-44AA-4797-862D-E67BA2CDAE16}.Debug|x86.Build.0 = Debug|Win32
		{45DC2ADA-44AA-4797-862D-E67BA2CDAE16}.Release|x64.ActiveCfg = Release|x64
		{45DC2ADA-44AA-4797-862D-E67BA2CDAE16}.Release|x64.Build.0 = Release|x64
		{45DC2ADA-44AA-4797-862D-E67BA2CDAE16}.Release|x86.ActiveCfg = Release|Win32
		{45DC2ADA-44AA-4797-862D-E67BA2CDAE16}.Release|x86.Build.0 = Release|Win32
		{D2E08562-8FD6-44AD-B6E0-9F9649274ED1}.Debug|x64.ActiveCfg = Debug|x64
		{D2E08562-8FD6-44AD-B6E0-9F9649274ED1}.Debug|x64.Build.0 = Debug|x64
		{D2E08562-8FD6-44AD-B6E0-9F9649274ED1}.Debug|x86.ActiveCfg = Debug|Win32
		{D2E08562-8FD6-44AD-B6E0-9F9649274ED1}.Debug|x86.Build.0 = Debug|Win32
		{D2E08562-8FD6-44AD-B6E0-9F9649274ED1}.Release|x64.ActiveCfg = Release|x64
		{D2E08562-8FD6-44AD-B6E0-9F9649274ED1}.Release|x64.Build.0 = Release|x64
		{D2E08562-8FD6-44AD-B6E0-9F9649274ED1}.Release|x86.ActiveCfg = Release|Win32
		{D2E08562-8FD6-44AD-B6E0-9F9649274ED1}.Release|x86.Build.0 = Release|Win32
		{AC229660-98FD-44D6-A532-C330ECCAF149}.Debug|x64.ActiveCfg = Debug|x64
		{AC229660-98FD-44D6-A532-C330ECCAF149}.Debug|x64.Build.0 = Debug|x64
		{AC229660-98FD-44D6-A532-C330ECCAF149}.Debug|x86.ActiveCfg = Debug|Win32
		{AC229660-98FD-44D6-A532-C330ECCAF149}.Debug|x86.Build.0 = Debug|Win32
		{AC229660-98FD-44D6-A532-C330ECCAF149}.Release|x64.ActiveCfg = Release|x64
		{AC229660-98FD-44D6-A532-C330ECCAF149}.Release|x64.Build.0 = Release|x64
		{AC229660-98FD-44D6-A532-C330ECCAF149}.Release|x86.ActiveCfg = Release|Win32
		{AC229660-98FD-44D6-A532-C330ECCAF149}.Release|x86.Build.0 = Release|Win32
		{59AC91C7-9583-4BC2-B942-189F501C5CB2}.Debug|x64.ActiveCfg = Debug|x64
		{59AC91C7-9583-4BC2-B942-189F501C5CB2}.Debug|x64.Build.0 = Debug|x64
		{59AC91C7-9583-4BC2-B942-189F501C5CB2}.Debug|x86.ActiveCfg = Debug|Win32
		{59AC91C7-9583-4BC2-B942-189F501C5CB2}.Debug|x86.Build.0 = Debug|Win32
		{59AC91C7-9583-4BC2-B942-189F501C5CB2}.Release|x64.ActiveCfg = Release|x64
		{59AC91C7-9583-4BC2-B942-189F501C5CB2}.Release|x64.Build.0 = Release|x64
		{59AC91C7-9583-4BC2-B942-189F501C5CB2}.Release|x86.ActiveCfg = Release|Win32
		{59AC91C7-9583-4BC2-B942-189F501C5CB2}.Release|x86.Build.0 = Release|Win32
		{11C92D66-A177-4E71-9608-2E85817A8857}.Debug|x64.ActiveCfg = Debug|x64
		{11C92D66-A177-4E71-9608-2E85817A8857}.Debug|x64.Build.0 = Debug|x64
		{11C92D66-A177-4E71-9608-2E85817A8857}.Debug|x86.ActiveCfg = Debug|Win32
		{11C92D66-A177-4E71-9608-2E85817A8857}.Debug|x86.Build.0 = Debug|Win32
		{11C92D66-A177-4E71-9608-2E85817A8857}.Release|x64.ActiveCfg = Release|x64
		{11C92D66-A177-4E71-9608-2E85817A8857}.Release|x64.Build.0 = Release|x64
		{11C92D66-A177-4E71-9608-2E85817A8857}.Release|x86.ActiveCfg = Release|Win32
		{11C92D66-A177-4E71-9608-2E85817A8857}.Release|x86.Build.0 = Release|Win32
		{940FBCBD-6335-46B6-8FBF-E7CE89D1C7CA}.Debug|x64.ActiveCfg = Debug|x64
		{940FBCBD-6335-46B6-8FBF-E7CE89D1C7CA}.Debug|x64.Build.0 = Debug|x64
		{940FBCBD-6335-46B6-8FBF-E7CE89D1C7CA}.Debug|x86.ActiveCfg = Debug|Win32
		{940FBCBD-6335-46B6-8FBF-E7CE89D1C7CA}.Debug|x86.Build.0 = Debug|Win32
		{940FBCBD-6335-46B6-8FBF-E7CE89D1C7CA}.Release|x64.ActiveCfg = Release|x64
		{940FBCBD-6335-46B6-8FBF-E7CE89D1C7CA}.Release|x64.Build.0 = Release|x64
		{940FBCBD-6335-46B6-8FBF-E7CE89D1C7CA}.Release|x86.ActiveCfg = Release|Win32
		{940FBCBD-6335-46B6-8FBF-E7CE89D1C7CA}.Release|x86.Build.0 = Release|Win32
		{264EEDCF-0BD5-47FD-B4C7-470733DCA006}.Debug|x64.ActiveCfg = Debug|x64
		{264EEDCF-0BD5-47FD-B4C7-470733DCA006}.Debug|x64.Build.0 = Debug|x64
		{264EEDCF-0BD5-47FD-B4C7-470733DCA006}.Debug|x86.ActiveCfg = Debug|Win32
		{264EEDCF-0BD5-47FD-B4C7-470733DCA006}.Debug|x86.Build.0 = Debug|Win32
		{264EEDCF-0BD5-47FD-B4C7-470733DCA006}.Release|x64.ActiveCfg = Release|x64
		{264EEDCF-0BD5-47FD-B4C7-470733DCA006}.Release|x64.Build.0 = Release|x64
		{264EEDCF-0BD5-47FD-B4C7-470733DCA006}.Release|x86.ActiveCfg = Release|Win32
		{264EEDCF-0BD5-47FD-B4C7-470733DCA006}.Release|x86.Build.0 = Release|Win32
		{20E60D63-D39C-40FC-8A26-9960019C326A}.Debug|x64.ActiveCfg = Debug|x64
		{20E60D63-D39C-40FC-8A26-9960019C326A}.Debug|x64.Build.0 = Debug|x64
		{20E60D63-D39C-40FC-8A26-9960019C326A}.Debug|x86.ActiveCfg = Debug|Win32
		{20E60D63-D39C-40FC-8A26-9960019C326A}.Debug|x86.Build.0 = Debug|Win32
		{20E60D63-D39C-40FC-8A26-9960019C326A}.Release|x64.ActiveCfg = Release|x64
		{20E60D63-D39C-40FC-8A26-9960019C326A}.Release|x64.Build.0 = Release|x64
		{20E60D63-D39C-40FC-8A26-9960019C326A}.Release|x86.ActiveCfg = Release|Win32
		{20E60D63-D39C-40FC-8A26-9960019C326A}.Release|x86.Build.0 = Release|Win32
		{F261EE5E-59D8-4E37-9AF9-870B6D7838A1}.Debug|x64.ActiveCfg = Debug|x64
		{F261EE5E-59D8-4E37-9AF9-870B6D7838A1}.Debug|x64.Build.0 = Debug|x64
		{F261EE5E-59D8-4E37-9AF9-870B6D7838A1}.Debug|x86.ActiveCfg = Debug|Win32
		{F261EE5E-59D8-4E37-9AF9-870B6D7838A1}.Debug|x86.Build.0 = Debug|Win32
		{F261EE5E-59D8-4E37-9AF9-870B6D7838A1}.Release|x64.ActiveCfg = Release|x64
		{F261EE5E-59D8-4E37-9AF9-870B6D7838A1}.Release|x64.Build.0 = Release|x64
		{F261EE5E-59D8-4E37-9AF9-870B6D7838A1}.Release|x86.ActiveCfg = Release|Win32
		{F261EE5E-59D8-4E37-9AF9-870B6D7838A1}.Release|x86.Build.0 = Release|Win32
		{E87D1033-978C-458F-B4EE-A453E8C977F4}.Debug|x64.ActiveCfg = Debug|x64
		{E87D1033-978C-458F-B4EE-A453E8C977F4}.Debug|x64.Build.0 = Debug|x64
		{E87D1033-978C-458F-B4EE-A453E8C977F4}.Debug|x86.ActiveCfg = Debug|Win32
		{E87D1033-978C-458F-B4EE-A453E8C977F4}.Debug|x86.Build.0 = Debug|Win32
		{E87D1033-978C-458F-B4EE-A453E8C977F4}.Release|x64.ActiveCfg = Release|x64
		{E87D1033-978C-458F-B4EE-A453E8C977F4}.Release|x64.Build.0 = Release|x64
		{E87D1033-978C-458F-B4EE-A453E8C977F4}.Release|x86.ActiveCfg = Release|Win32
		{E87D1033-978C-458F-B4EE-A453E8C977F4}.Release|x86.Build.0 = Release|Win32
		{CE0171DD-EE04-46E5-A184-B3B3D52FF0D7}.Debug|x64.ActiveCfg = Debug|x64
		{CE0171DD-EE04-46E5-A184-B3B3D52FF0D7}.Debug|x64.Build.0 = Debug|x64
		{CE0171DD-EE04-46E5-A184-B3B3D52FF0D7}.Debug|x86.ActiveCfg = Debug|Win32
		{CE0171DD-EE04-46E5-A184-B3B3D52FF0D7}.Debug|x86.Build.0 = Debug|Win32
		{CE0171DD-EE04-46E5-A184-B3B3D52FF0D7}.Release|x64.ActiveCfg = Release|x64
		{CE0171DD-EE04-46E5-A184-B3B3D52FF0D7}.Release|x64.Build.0 = Release|x64
		{CE0171DD-EE04-46E5-A184-B3B3D52FF0D7}.Release|x86.ActiveCfg = Release|Win32
		{CE0171DD-EE04-46E5-A184-B3B3D52FF0D7}.Release|x86.Build.0 = Release|Win32
		{B8D1288B-1B2C-42E8-B4DC-8C4A6347E458}.Debug|x64.ActiveCfg = Debug|x64
		{B8D1288B-1B2C-42E8-B4DC-8C4A6347E458}.Debug|x64.Build.0 = Debug|x64
		{B8D1288B-1B2C-42E8-B4DC-8C4A6347E458}.Debug|x86.ActiveCfg = Debug|Win32
		{B8D1288B-1B2C-42E8-B4DC-8C4A6347E458}.Debug|x86.Build.0 = Debug|Win32
		{B8D1288B-1B2C-42E8-B4DC-8C4A6347E458}.Release|x64.ActiveCfg = Release|x64
		{B8D1288B-1B2C-42E8-B4DC-8C4A6347E458}.Release|x64.Build.0 = Release|x64
		{B8D1288B-1B2C-42E8-B4DC-8C4A6347E458}.Release|x86.ActiveCfg = Release|Win32
		{B8D1288B-1B2C-42E8-B4DC-8C4A6347E458}.Release|x86.Build.0 = Release|Win32
		{506BCE00-290D-41EA-AD3D-6DD2A9C2351F}.Debug|x64.ActiveCfg = Debug|x64
		{506BCE00-290D-41EA-AD3D-6DD2A9C2351F}.Debug|x64.Build.0 = Debug|x64
		{506BCE00-290D-41EA-AD3D-6DD2A9C2351F}.Debug|x86.ActiveCfg = Debug|Win32
		{506BCE00-290D-41EA-AD3D-6DD2A9C2351F}.Debug|x86.Build.0 = Debug|Win32
		{506BCE00-290D-41EA-AD3D-6DD2A9C2351F}.Release|x64.ActiveCfg = Release|x64
		{506BCE00-290D-41EA-AD3D-6DD2A9C2351F}.Release|x64.Build.0 = Release|x64
		{506BCE00-290D-41EA-AD3D-6DD2A9C2351F}.Release|x86.ActiveCfg = Release|Win32
		{506BCE00-290D-41EA-AD3D-6DD2A9C2351F}.Release|x86.Build.0 = Release|Win32
		{F8246337-3646-4719-8710-FF47374955D8}.Debug|x64.ActiveCfg = Debug|x64
		{F8246337-3646-4719-8710-FF47374955D8}.Debug|x64.Build.0 = Debug|x64
		{F8246337-3646-4719-8710-FF47374955D8}.Debug|x86.ActiveCfg = Debug|Win32
		{F8246337-3646-4719-8710-FF47374955D8}.Debug|x86.Build.0 = Debug|Win32
		{F8246337-3646-4719-8710-FF47374955D8}.Release|x64.ActiveCfg = Release|x64
		{F8246337-3646-4719-8710-FF47374955D8}.Release|x64.Build.0 = Release|x64
		{F8246337-3646-4719-8710-FF47374955D8}.Release|x86.ActiveCfg = Release|Win32
		{F8246337-3646-4719-8710-FF47374955D8}.Release|x86.Build.0 = Release|Win32
		{4D7987F6-FDC2-4633-969A-6F6CBF772029}.Debug|x64.ActiveCfg = Debug|x64
		{4D7987F6-FDC2-4633-969A-6F6CBF772029}.Debug|x64.Build.0 = Debug|x64
		{4D7987F6-FDC2-4633-969A-6F6CBF772029}.Debug|x86.ActiveCfg = Debug|Win32
		{4D7987F6-FDC2-4633-969A-6F6CBF772029}.Debug|x86.Build.0 = Debug|Win32
		{4D7987F6-FDC2-4633-969A-6F6CBF772029}.Release|x64.ActiveCfg = Release|x64
		{4D7987F6-FDC2-4633-969A-6F6CBF772029}.Release|x64.Build.0 = Release|x64
		{4D7987F6-FDC2-4633-969A-6F6CBF772029}.Release|x86.ActiveCfg = Release|Win32
		{4D7987F6-FDC2-4633-969A-6F6CBF772029}.Release|x86.Build.0 = Release|Win32
		{C9DCBB60-0D34-42CF-80B2-A8A2209DC71A}.Debug|x64.ActiveCfg = Debug|x64
		{C9DCBB60-0D34-42CF-80B2-A8A2209DC71A}.Debug|x64.Build.0 = Debug|x64
		{C9DCBB60-0D34-42CF-80B2-A8A2209DC71A}.Debug|x86.ActiveCfg = Debug|Win32
		{C9DCBB60-0D34-42CF-80B2-A8A2209DC71A}.Debug|x86.Build.0 = Debug|Win32
		{C9DCBB60-0D34-42CF-80B2-A8A2209DC71A}.Release|x64.ActiveCfg = Release|x64
		{C9DCBB60-0D34-42CF-80B2-A8A2209DC71A}.Release|x64.Build.0 = Release|x64
		{C9DCBB60-0D34-42CF-80B2-A8A2209DC71A}.Release|x86.ActiveCfg = Release|Win32
		{C9DCBB60-0D34-42CF-80B2-A8A2209DC71A}.Release|x86.Build.0 = Release|Win32
		{4AEC9758-9293-4CFE-9895-F7E49C95F0B1}.Debug|x64.ActiveCfg = Debug|x64
		{4AEC9758-9293-4CFE-9895-F7E49C95F0B1}.Debug|x64.Build.0 = Debug|x64
		{4AEC9758-9293-4CFE-9895-F7E49C95F0B1}.Debug|x86.ActiveCfg = Debug|Win32
		{4AEC9758-9293-4CFE-9895-F7E49C95F0B1}.Debug|x86.Build.0 = Debug|Win32
		{4AEC9758-9293-4CFE-9895-F7E49C95F0B1}.Release|x64.ActiveCfg = Release|x64
		{4AEC9758-9293-4CFE-9895-F7E49C95F0B1}.Release|x64.Build.0 = Release|x64
		{4AEC9758-9293-4CFE-9895-F7E49C95F0B1}.Release|x86.ActiveCfg = Release|Win32
		{4AEC9758-9293-4CFE-9895-F7E49C95F0B1}.Release|x86.Build.0 = Release|Win32
		{BA66D138-5565-4B81-B7BA-153A891E644C}.Debug|x64.ActiveCfg = Debug|x64
		{BA66D138-5565-4B81-B7BA-153A891E644C}.Debug|x64.Build.0 = Debug|x64
		{BA66D138-5565-4B81-B7BA-153A891E644C}.Debug|x86.ActiveCfg = Debug|Win32
		{BA66D138-5565-4B81-B7BA-153A891E644C}.Debug|x86.Build.0 = Debug|Win32
		{BA66D138-5565-4B81-B7BA-153A891E644C}.Release|x64.ActiveCfg = Release|x64
		{BA66D138-5565-4B81-B7BA-153A891E644C}.Release|x64.Build.0 = Release|x64
		{BA66D138-5565-4B81-B7BA-153A891E644C}.Release|x86.ActiveCfg = Release|Win32
		{BA66D138-5565-4B81-B7BA-153A891E644C}.Release|x86.Build.0 = Release|Win32
		{4A55BF2D-72B4-4FA4-ABA7-4831BCF98F1A}.Debug|x64.ActiveCfg = Debug|x64
		{4A55BF2D-72B4-4FA4-ABA7-4831BCF98F1A}.Debug|x64.Build.0 = Debug|x64
		{4A55BF2D-72B4-4FA4-ABA7-4831BCF98F1A}.Debug|x86.ActiveCfg = Debug|Win32
		{4A55BF2D-72B4-4FA4-ABA7-4831BCF98F1A}.Debug|x86.Build.0 = Debug|Win32
		{4A55BF2D-72B4-4FA4-ABA7-4831BCF98F1A}.Release|x64.ActiveCfg = Release|x64
		{4A55BF2D-72B4-4FA4-ABA7-4831BCF98F1A}.Release|x64.Build.0 = Release|x64
		{4A55BF2D-72B4-4FA4-ABA7-4831BCF98F1A}.Release|x86.ActiveCfg = Release|Win32
		{4A55BF2D-72B4-4FA4-ABA7-4831BCF98F1A}.Release|x86.Build.0 = Release|Win32
		{33B456F0-84CA-4057-8821-2EFA56BCFC65}.Debug|x64.ActiveCfg = Debug|x64
		{33B456F0-84CA-4057-8821-2EFA56BCFC65}.Debug|x64.Build.0 = Debug|x64
		{33B456F0-84CA-4057-8821-2EFA56BCFC65}.Debug|x86.ActiveCfg = Debug|Win32
		{33B456F0-84CA-4057-8821-2EFA56BCFC65}.Debug|x86.Build.0 = Debug|Win32
		{33B456F0-84CA-4057-8821-2EFA56BCFC65}.Release|x64.ActiveCfg = Release|x64
		{33B456F0-84CA-4057-8821-2EFA56BCFC65}.Release|x64.Build.0 = Release|x64
		{33B456F0-84CA-4057-8821-2EFA56BCFC65}.Release|x86.ActiveCfg = Release|Win32
		{33B456F0-84CA-4057-8821-2EFA56BCFC65}.Release|x86.Build.0 = Release|Win32
		{C2F6E11D-29BE-49A2-88A5-670A93E71E93}.Debug|x64.ActiveCfg = Debug|x64
		{C2F6E11D-29BE-49A2-88A5-670A93E71E93}.Debug|x64.Build.0 = Debug|x64
		{C2F6E11D-29BE-49A2-88A5-670A93E71E93}.Debug|x86.ActiveCfg = Debug|Win32
		{C2F6E11D-29BE-49A2-88A5-670A93E71E93}.Debug|x86.Build.0 = Debug|Win32
		{C2F6E11D-29BE-49A2-88A5-670A93E71E93}.Release|x64.ActiveCfg = Release|x64
		{C2F6E11D-29BE-49A2-88A5-670A93E71E93}.Release|x64.Build.0 = Release|x64
		{C2F6E11D-29BE-49A2-88A5-670A93E71E93}.Release|x86.ActiveCfg = Release|Win32
		{C2F6E11D-29BE-49A2-88A5-670A93E71E93}.Release|x86.Build.0 = Release|Win32
		{AB53E214-AC17-4DE4-A01E-6F4F08E58B3E}.Debug|x64.ActiveCfg = Debug|x64
		{AB53E214-AC17-4DE4-A01E-6F4F08E58B3E}.Debug|x64.Build.0 = Debug|x64
		{AB53E214-AC17-4DE4-A01E-6F4F08E58B3E}.Debug|x86.ActiveCfg = Debug|Win32
		{AB53E214-AC17-4DE4-A01E-6F4F08E58B3E}.Debug|x86.Build.0 = Debug|Win32
		{AB53E214-AC17-4DE4-A01E-6F4F08E58B3E}.Release|x64.ActiveCfg = Release|x64
		{AB53E214-AC17-4DE4-A01E-6F4F08E58B3E}.Release|x64.Build.0 = Release|x64
		{AB53E214-AC17-4DE4-A01E-6F4F08E58B3E}.Release|x86.ActiveCfg = Release|Win32
		{AB53E214-AC17-4DE4-A01E-6F4F08E58B3E}.Release|x86.Build.0 = Release|Win32
	EndGlobalSection
	GlobalSection(SolutionProperties) = preSolution
		HideSolutionNode = FALSE
	EndGlobalSection
	GlobalSection(NestedProjects) = preSolution
		{B2F9447F-12C7-404D-9192-DB2C9234DEAD} = {52C3DC87-69E4-4596-8B7A-5C3BF3D1CAB3}
		{4BA0450A-4593-4D73-BB69-F4AAA8EC4987} = {52C3DC87-69E4-4596-8B7A-5C3BF3D1CAB3}
		{6D9268AD-8104-47D4-855C-B4C07CE20BD5} = {52C3DC87-69E4-4596-8B7A-5C3BF3D1CAB3}
		{AC229660-98FD-44D6-A532-C330ECCAF149} = {52C3DC87-69E4-4596-8B7A-5C3BF3D1CAB3}
		{59AC91C7-9583-4BC2-B942-189F501C5CB2} = {52C3DC87-69E4-4596-8B7A-5C3BF3D1CAB3}
		{11C92D66-A177-4E71-9608-2E85817A8857} = {52C3DC87-69E4-4596-8B7A-5C3BF3D1CAB3}
		{940FBCBD-6335-46B6-8FBF-E7CE89D1C7CA} = {52C3DC87-69E4-4596-8B7A-5C3BF3D1CAB3}
		{264EEDCF-0BD5-47FD-B4C7-470733DCA006} = {07F58AC4-9003-4900-BBF9-99B4E533700B}
		{20E60D63-D39C-40FC-8A26-9960019C326A} = {52C3DC87-69E4-4596-8B7A-5C3BF3D1CAB3}
		{F261EE5E-59D8-4E37-9AF9-870B6D7838A1} = {07F58AC4-9003-4900-BBF9-99B4E533700B}
		{E87D1033-978C-458F-B4EE-A453E8C977F4} = {07F58AC4-9003-4900-BBF9-99B4E533700B}
		{CE0171DD-EE04-46E5-A184-B3B3D52FF0D7} = {07F58AC4-9003-4900-BBF9-99B4E533700B}
		{B8D1288B-1B2C-42E8-B4DC-8C4A6347E458} = {07F58AC4-9003-4900-BBF9-99B4E533700B}
		{506BCE00-290D-41EA-AD3D-6DD2A9C2351F} = {07F58AC4-9003-4900-BBF9-99B4E533700B}
		{F8246337-3646-4719-8710-FF47374955D8} = {07F58AC4-9003-4900-BBF9-99B4E533700B}
		{4D7987F6-FDC2-4633-969A-6F6CBF772029} = {07F58AC4-9003-4900-BBF9-99B4E533700B}
		{C9DCBB60-0D34-42CF-80B2-A8A2209DC71A} = {07F58AC4-9003-4900-BBF9-99B4E533700B}
		{4AEC9758-9293-4CFE-9895-F7E49C95F0B1} = {07F58AC4-9003-4900-BBF9-99B4E533700B}
		{BA66D138-5565-4B81-B7BA-153A891E644C} = {07F58AC4-9003-4900-BBF9-99B4E533700B}
		{4A55BF2D-72B4-4FA4-ABA7-4831BCF98F1A} = {07F58AC4-9003-4900-BBF9-99B4E533700B}
		{33B456F0-84CA-4057-8821-2EFA56BCFC65} = {52C3DC87-69E4-4596-8B7A-5C3BF3D1CAB3}
		{C2F6E11D-29BE-49A2-88A5-670A93E71E93} = {07F58AC4-9003-4900-BBF9-99B4E533700B}
		{AB53E214-AC17-4DE4-A01E-6F4F08E58B3E} = {07F58AC4-9003-4900-BBF9-99B4E533700B}
	EndGlobalSection
	GlobalSection(ExtensibilityGlobals) = postSolution
		SolutionGuid = {7FDEA39E-B8CE-453B-9052-8AFFFE736F52}
	EndGlobalSection
EndGlobal
